// !$*UTF8*$!
{
	archiveVersion = 1;
	classes = {
	};
	objectVersion = 48;
	objects = {

/* Begin PBXBuildFile section */
		9E79063A203CDA9900DE10BA /* AppDelegate.swift in Sources */ = {isa = PBXBuildFile; fileRef = 9E790639203CDA9900DE10BA /* AppDelegate.swift */; };
		9E79063C203CDA9900DE10BA /* ViewController.swift in Sources */ = {isa = PBXBuildFile; fileRef = 9E79063B203CDA9900DE10BA /* ViewController.swift */; };
		9E79063F203CDA9900DE10BA /* Main.storyboard in Resources */ = {isa = PBXBuildFile; fileRef = 9E79063D203CDA9900DE10BA /* Main.storyboard */; };
		9E790641203CDA9900DE10BA /* Assets.xcassets in Resources */ = {isa = PBXBuildFile; fileRef = 9E790640203CDA9900DE10BA /* Assets.xcassets */; };
		9E790644203CDA9900DE10BA /* LaunchScreen.storyboard in Resources */ = {isa = PBXBuildFile; fileRef = 9E790642203CDA9900DE10BA /* LaunchScreen.storyboard */; };
		9E79064D203CDACB00DE10BA /* VisualRecognitionV3.framework in Frameworks */ = {isa = PBXBuildFile; fileRef = 9E79064B203CDACB00DE10BA /* VisualRecognitionV3.framework */; };
		9E79064E203CDACB00DE10BA /* VisualRecognitionV3.framework in Embed Frameworks */ = {isa = PBXBuildFile; fileRef = 9E79064B203CDACB00DE10BA /* VisualRecognitionV3.framework */; settings = {ATTRIBUTES = (CodeSignOnCopy, RemoveHeadersOnCopy, ); }; };
		9E79064F203CDACB00DE10BA /* SVProgressHUD.framework in Frameworks */ = {isa = PBXBuildFile; fileRef = 9E79064C203CDACB00DE10BA /* SVProgressHUD.framework */; };
		9E790650203CDACB00DE10BA /* SVProgressHUD.framework in Embed Frameworks */ = {isa = PBXBuildFile; fileRef = 9E79064C203CDACB00DE10BA /* SVProgressHUD.framework */; settings = {ATTRIBUTES = (CodeSignOnCopy, RemoveHeadersOnCopy, ); }; };
/* End PBXBuildFile section */

/* Begin PBXCopyFilesBuildPhase section */
		9E790651203CDACB00DE10BA /* Embed Frameworks */ = {
			isa = PBXCopyFilesBuildPhase;
			buildActionMask = 2147483647;
			dstPath = "";
			dstSubfolderSpec = 10;
			files = (
				9E790650203CDACB00DE10BA /* SVProgressHUD.framework in Embed Frameworks */,
				9E79064E203CDACB00DE10BA /* VisualRecognitionV3.framework in Embed Frameworks */,
			);
			name = "Embed Frameworks";
			runOnlyForDeploymentPostprocessing = 0;
		};
/* End PBXCopyFilesBuildPhase section */

/* Begin PBXFileReference section */
		9E790636203CDA9900DE10BA /* seaFood2.app */ = {isa = PBXFileReference; explicitFileType = wrapper.application; includeInIndex = 0; path = seaFood2.app; sourceTree = BUILT_PRODUCTS_DIR; };
		9E790639203CDA9900DE10BA /* AppDelegate.swift */ = {isa = PBXFileReference; lastKnownFileType = sourcecode.swift; path = AppDelegate.swift; sourceTree = "<group>"; };
		9E79063B203CDA9900DE10BA /* ViewController.swift */ = {isa = PBXFileReference; lastKnownFileType = sourcecode.swift; path = ViewController.swift; sourceTree = "<group>"; };
		9E79063E203CDA9900DE10BA /* Base */ = {isa = PBXFileReference; lastKnownFileType = file.storyboard; name = Base; path = Base.lproj/Main.storyboard; sourceTree = "<group>"; };
		9E790640203CDA9900DE10BA /* Assets.xcassets */ = {isa = PBXFileReference; lastKnownFileType = folder.assetcatalog; path = Assets.xcassets; sourceTree = "<group>"; };
		9E790643203CDA9900DE10BA /* Base */ = {isa = PBXFileReference; lastKnownFileType = file.storyboard; name = Base; path = Base.lproj/LaunchScreen.storyboard; sourceTree = "<group>"; };
		9E790645203CDA9900DE10BA /* Info.plist */ = {isa = PBXFileReference; lastKnownFileType = text.plist.xml; path = Info.plist; sourceTree = "<group>"; };
		9E79064B203CDACB00DE10BA /* VisualRecognitionV3.framework */ = {isa = PBXFileReference; lastKnownFileType = wrapper.framework; path = VisualRecognitionV3.framework; sourceTree = "<group>"; };
		9E79064C203CDACB00DE10BA /* SVProgressHUD.framework */ = {isa = PBXFileReference; lastKnownFileType = wrapper.framework; path = SVProgressHUD.framework; sourceTree = "<group>"; };
/* End PBXFileReference section */

/* Begin PBXFrameworksBuildPhase section */
		9E790633203CDA9900DE10BA /* Frameworks */ = {
			isa = PBXFrameworksBuildPhase;
			buildActionMask = 2147483647;
			files = (
				9E79064F203CDACB00DE10BA /* SVProgressHUD.framework in Frameworks */,
				9E79064D203CDACB00DE10BA /* VisualRecognitionV3.framework in Frameworks */,
			);
			runOnlyForDeploymentPostprocessing = 0;
		};
/* End PBXFrameworksBuildPhase section */

/* Begin PBXGroup section */
		9E79062D203CDA9900DE10BA = {
			isa = PBXGroup;
			children = (
				9E79064C203CDACB00DE10BA /* SVProgressHUD.framework */,
				9E79064B203CDACB00DE10BA /* VisualRecognitionV3.framework */,
				9E790638203CDA9900DE10BA /* seaFood2 */,
				9E790637203CDA9900DE10BA /* Products */,
			);
			sourceTree = "<group>";
		};
		9E790637203CDA9900DE10BA /* Products */ = {
			isa = PBXGroup;
			children = (
				9E790636203CDA9900DE10BA /* seaFood2.app */,
			);
			name = Products;
			sourceTree = "<group>";
		};
		9E790638203CDA9900DE10BA /* seaFood2 */ = {
			isa = PBXGroup;
			children = (
				9E790639203CDA9900DE10BA /* AppDelegate.swift */,
				9E79063B203CDA9900DE10BA /* ViewController.swift */,
				9E79063D203CDA9900DE10BA /* Main.storyboard */,
				9E790640203CDA9900DE10BA /* Assets.xcassets */,
				9E790642203CDA9900DE10BA /* LaunchScreen.storyboard */,
				9E790645203CDA9900DE10BA /* Info.plist */,
			);
			path = seaFood2;
			sourceTree = "<group>";
		};
/* End PBXGroup section */

/* Begin PBXNativeTarget section */
		9E790635203CDA9900DE10BA /* seaFood2 */ = {
			isa = PBXNativeTarget;
			buildConfigurationList = 9E790648203CDA9900DE10BA /* Build configuration list for PBXNativeTarget "seaFood2" */;
			buildPhases = (
				9E790632203CDA9900DE10BA /* Sources */,
				9E790633203CDA9900DE10BA /* Frameworks */,
				9E790634203CDA9900DE10BA /* Resources */,
				9E790651203CDACB00DE10BA /* Embed Frameworks */,
			);
			buildRules = (
			);
			dependencies = (
			);
			name = seaFood2;
			productName = seaFood2;
			productReference = 9E790636203CDA9900DE10BA /* seaFood2.app */;
			productType = "com.apple.product-type.application";
		};
/* End PBXNativeTarget section */

/* Begin PBXProject section */
		9E79062E203CDA9900DE10BA /* Project object */ = {
			isa = PBXProject;
			attributes = {
				LastSwiftUpdateCheck = 0920;
				LastUpgradeCheck = 0920;
				ORGANIZATIONNAME = "Karan Sagar";
				TargetAttributes = {
					9E790635203CDA9900DE10BA = {
						CreatedOnToolsVersion = 9.2;
						ProvisioningStyle = Automatic;
					};
				};
			};
			buildConfigurationList = 9E790631203CDA9900DE10BA /* Build configuration list for PBXProject "seaFood2" */;
			compatibilityVersion = "Xcode 8.0";
			developmentRegion = en;
			hasScannedForEncodings = 0;
			knownRegions = (
				en,
				Base,
			);
			mainGroup = 9E79062D203CDA9900DE10BA;
			productRefGroup = 9E790637203CDA9900DE10BA /* Products */;
			projectDirPath = "";
			projectRoot = "";
			targets = (
				9E790635203CDA9900DE10BA /* seaFood2 */,
			);
		};
/* End PBXProject section */

/* Begin PBXResourcesBuildPhase section */
		9E790634203CDA9900DE10BA /* Resources */ = {
			isa = PBXResourcesBuildPhase;
			buildActionMask = 2147483647;
			files = (
				9E790644203CDA9900DE10BA /* LaunchScreen.storyboard in Resources */,
				9E790641203CDA9900DE10BA /* Assets.xcassets in Resources */,
				9E79063F203CDA9900DE10BA /* Main.storyboard in Resources */,
			);
			runOnlyForDeploymentPostprocessing = 0;
		};
/* End PBXResourcesBuildPhase section */

/* Begin PBXSourcesBuildPhase section */
		9E790632203CDA9900DE10BA /* Sources */ = {
			isa = PBXSourcesBuildPhase;
			buildActionMask = 2147483647;
			files = (
				9E79063C203CDA9900DE10BA /* ViewController.swift in Sources */,
				9E79063A203CDA9900DE10BA /* AppDelegate.swift in Sources */,
			);
			runOnlyForDeploymentPostprocessing = 0;
		};
/* End PBXSourcesBuildPhase section */

/* Begin PBXVariantGroup section */
		9E79063D203CDA9900DE10BA /* Main.storyboard */ = {
			isa = PBXVariantGroup;
			children = (
				9E79063E203CDA9900DE10BA /* Base */,
			);
			name = Main.storyboard;
			sourceTree = "<group>";
		};
		9E790642203CDA9900DE10BA /* LaunchScreen.storyboard */ = {
			isa = PBXVariantGroup;
			children = (
				9E790643203CDA9900DE10BA /* Base */,
			);
			name = LaunchScreen.storyboard;
			sourceTree = "<group>";
		};
/* End PBXVariantGroup section */

/* Begin XCBuildConfiguration section */
		9E790646203CDA9900DE10BA /* Debug */ = {
			isa = XCBuildConfiguration;
			buildSettings = {
				ALWAYS_SEARCH_USER_PATHS = NO;
				CLANG_ANALYZER_NONNULL = YES;
				CLANG_ANALYZER_NUMBER_OBJECT_CONVERSION = YES_AGGRESSIVE;
				CLANG_CXX_LANGUAGE_STANDARD = "gnu++14";
				CLANG_CXX_LIBRARY = "libc++";
				CLANG_ENABLE_MODULES = YES;
				CLANG_ENABLE_OBJC_ARC = YES;
				CLANG_WARN_BLOCK_CAPTURE_AUTORELEASING = YES;
				CLANG_WARN_BOOL_CONVERSION = YES;
				CLANG_WARN_COMMA = YES;
				CLANG_WARN_CONSTANT_CONVERSION = YES;
				CLANG_WARN_DIRECT_OBJC_ISA_USAGE = YES_ERROR;
				CLANG_WARN_DOCUMENTATION_COMMENTS = YES;
				CLANG_WARN_EMPTY_BODY = YES;
				CLANG_WARN_ENUM_CONVERSION = YES;
				CLANG_WARN_INFINITE_RECURSION = YES;
				CLANG_WARN_INT_CONVERSION = YES;
				CLANG_WARN_NON_LITERAL_NULL_CONVERSION = YES;
				CLANG_WARN_OBJC_LITERAL_CONVERSION = YES;
				CLANG_WARN_OBJC_ROOT_CLASS = YES_ERROR;
				CLANG_WARN_RANGE_LOOP_ANALYSIS = YES;
				CLANG_WARN_STRICT_PROTOTYPES = YES;
				CLANG_WARN_SUSPICIOUS_MOVE = YES;
				CLANG_WARN_UNGUARDED_AVAILABILITY = YES_AGGRESSIVE;
				CLANG_WARN_UNREACHABLE_CODE = YES;
				CLANG_WARN__DUPLICATE_METHOD_MATCH = YES;
				CODE_SIGN_IDENTITY = "iPhone Developer";
				COPY_PHASE_STRIP = NO;
				DEBUG_INFORMATION_FORMAT = dwarf;
				ENABLE_STRICT_OBJC_MSGSEND = YES;
				ENABLE_TESTABILITY = YES;
				GCC_C_LANGUAGE_STANDARD = gnu11;
				GCC_DYNAMIC_NO_PIC = NO;
				GCC_NO_COMMON_BLOCKS = YES;
				GCC_OPTIMIZATION_LEVEL = 0;
				GCC_PREPROCESSOR_DEFINITIONS = (
					"DEBUG=1",
					"$(inherited)",
				);
				GCC_WARN_64_TO_32_BIT_CONVERSION = YES;
				GCC_WARN_ABOUT_RETURN_TYPE = YES_ERROR;
				GCC_WARN_UNDECLARED_SELECTOR = YES;
				GCC_WARN_UNINITIALIZED_AUTOS = YES_AGGRESSIVE;
				GCC_WARN_UNUSED_FUNCTION = YES;
				GCC_WARN_UNUSED_VARIABLE = YES;
				IPHONEOS_DEPLOYMENT_TARGET = 11.2;
				MTL_ENABLE_DEBUG_INFO = YES;
				ONLY_ACTIVE_ARCH = YES;
				SDKROOT = iphoneos;
				SWIFT_ACTIVE_COMPILATION_CONDITIONS = DEBUG;
				SWIFT_OPTIMIZATION_LEVEL = "-Onone";
			};
			name = Debug;
		};
		9E790647203CDA9900DE10BA /* Release */ = {
			isa = XCBuildConfiguration;
			buildSettings = {
				ALWAYS_SEARCH_USER_PATHS = NO;
				CLANG_ANALYZER_NONNULL = YES;
				CLANG_ANALYZER_NUMBER_OBJECT_CONVERSION = YES_AGGRESSIVE;
				CLANG_CXX_LANGUAGE_STANDARD = "gnu++14";
				CLANG_CXX_LIBRARY = "libc++";
				CLANG_ENABLE_MODULES = YES;
				CLANG_ENABLE_OBJC_ARC = YES;
				CLANG_WARN_BLOCK_CAPTURE_AUTORELEASING = YES;
				CLANG_WARN_BOOL_CONVERSION = YES;
				CLANG_WARN_COMMA = YES;
				CLANG_WARN_CONSTANT_CONVERSION = YES;
				CLANG_WARN_DIRECT_OBJC_ISA_USAGE = YES_ERROR;
				CLANG_WARN_DOCUMENTATION_COMMENTS = YES;
				CLANG_WARN_EMPTY_BODY = YES;
				CLANG_WARN_ENUM_CONVERSION = YES;
				CLANG_WARN_INFINITE_RECURSION = YES;
				CLANG_WARN_INT_CONVERSION = YES;
				CLANG_WARN_NON_LITERAL_NULL_CONVERSION = YES;
				CLANG_WARN_OBJC_LITERAL_CONVERSION = YES;
				CLANG_WARN_OBJC_ROOT_CLASS = YES_ERROR;
				CLANG_WARN_RANGE_LOOP_ANALYSIS = YES;
				CLANG_WARN_STRICT_PROTOTYPES = YES;
				CLANG_WARN_SUSPICIOUS_MOVE = YES;
				CLANG_WARN_UNGUARDED_AVAILABILITY = YES_AGGRESSIVE;
				CLANG_WARN_UNREACHABLE_CODE = YES;
				CLANG_WARN__DUPLICATE_METHOD_MATCH = YES;
				CODE_SIGN_IDENTITY = "iPhone Developer";
				COPY_PHASE_STRIP = NO;
				DEBUG_INFORMATION_FORMAT = "dwarf-with-dsym";
				ENABLE_NS_ASSERTIONS = NO;
				ENABLE_STRICT_OBJC_MSGSEND = YES;
				GCC_C_LANGUAGE_STANDARD = gnu11;
				GCC_NO_COMMON_BLOCKS = YES;
				GCC_WARN_64_TO_32_BIT_CONVERSION = YES;
				GCC_WARN_ABOUT_RETURN_TYPE = YES_ERROR;
				GCC_WARN_UNDECLARED_SELECTOR = YES;
				GCC_WARN_UNINITIALIZED_AUTOS = YES_AGGRESSIVE;
				GCC_WARN_UNUSED_FUNCTION = YES;
				GCC_WARN_UNUSED_VARIABLE = YES;
				IPHONEOS_DEPLOYMENT_TARGET = 11.2;
				MTL_ENABLE_DEBUG_INFO = NO;
				SDKROOT = iphoneos;
				SWIFT_OPTIMIZATION_LEVEL = "-Owholemodule";
				VALIDATE_PRODUCT = YES;
			};
			name = Release;
		};
		9E790649203CDA9900DE10BA /* Debug */ = {
			isa = XCBuildConfiguration;
			buildSettings = {
				ASSETCATALOG_COMPILER_APPICON_NAME = AppIcon;
				CODE_SIGN_STYLE = Automatic;
				DEVELOPMENT_TEAM = H79M4J6T4M;
				FRAMEWORK_SEARCH_PATHS = (
					"$(inherited)",
					"$(PROJECT_DIR)",
				);
				INFOPLIST_FILE = seaFood2/Info.plist;
				LD_RUNPATH_SEARCH_PATHS = "$(inherited) @executable_path/Frameworks";
				PRODUCT_BUNDLE_IDENTIFIER = karansagar.seaFood2;
				PRODUCT_NAME = "$(TARGET_NAME)";
				SWIFT_VERSION = 4.0;
				TARGETED_DEVICE_FAMILY = "1,2";
			};
			name = Debug;
		};
		9E79064A203CDA9900DE10BA /* Release */ = {
			isa = XCBuildConfiguration;
			buildSettings = {
				ASSETCATALOG_COMPILER_APPICON_NAME = AppIcon;
				CODE_SIGN_STYLE = Automatic;
				DEVELOPMENT_TEAM = H79M4J6T4M;
				FRAMEWORK_SEARCH_PATHS = (
					"$(inherited)",
					"$(PROJECT_DIR)",
				);
				INFOPLIST_FILE = seaFood2/Info.plist;
				LD_RUNPATH_SEARCH_PATHS = "$(inherited) @executable_path/Frameworks";
				PRODUCT_BUNDLE_IDENTIFIER = karansagar.seaFood2;
				PRODUCT_NAME = "$(TARGET_NAME)";
				SWIFT_VERSION = 4.0;
				TARGETED_DEVICE_FAMILY = "1,2";
			};
			name = Release;
		};
/* End XCBuildConfiguration section */

/* Begin XCConfigurationList section */
		9E790631203CDA9900DE10BA /* Build configuration list for PBXProject "seaFood2" */ = {
			isa = XCConfigurationList;
			buildConfigurations = (
				9E790646203CDA9900DE10BA /* Debug */,
				9E790647203CDA9900DE10BA /* Release */,
			);
			defaultConfigurationIsVisible = 0;
			defaultConfigurationName = Release;
		};
		9E790648203CDA9900DE10BA /* Build configuration list for PBXNativeTarget "seaFood2" */ = {
			isa = XCConfigurationList;
			buildConfigurations = (
				9E790649203CDA9900DE10BA /* Debug */,
				9E79064A203CDA9900DE10BA /* Release */,
			);
			defaultConfigurationIsVisible = 0;
			defaultConfigurationName = Release;
		};
/* End XCConfigurationList section */
	};
	rootObject = 9E79062E203CDA9900DE10BA /* Project object */;
}
